
Microsoft Visual Studio Solution File, Format Version 12.00
# Visual Studio 15
VisualStudioVersion = 15.0.26124.0
MinimumVisualStudioVersion = 15.0.26124.0
Project("{FAE04EC0-301F-11D3-BF4B-00C04F79EFBC}") = "Penguin.Cms.Repositories.Local", "Penguin.Cms.Repositories.Local.csproj", "{D6A7D422-1E9F-4618-919C-B34F32B247DA}"
EndProject
Project("{FAE04EC0-301F-11D3-BF4B-00C04F79EFBC}") = "Penguin.Cms.Entities.Local", "..\Penguin.Cms.Entities\Penguin.Cms.Entities.Local.csproj", "{05DBADDF-7E98-4FD4-8161-39EA2970387C}"
EndProject
Project("{FAE04EC0-301F-11D3-BF4B-00C04F79EFBC}") = "Penguin.Persistence.Abstractions.Local", "..\Penguin.Persistence.Abstractions\Penguin.Persistence.Abstractions.Local.csproj", "{77B05C5C-BB23-465F-A051-9D0F9A4CACBE}"
EndProject
Project("{FAE04EC0-301F-11D3-BF4B-00C04F79EFBC}") = "Penguin.Entities.Abstractions.Local", "..\Penguin.Entities.Abstractions\Penguin.Entities.Abstractions.Local.csproj", "{50C83B06-9FAF-4ECD-9437-805DAB201469}"
EndProject
Project("{FAE04EC0-301F-11D3-BF4B-00C04F79EFBC}") = "Penguin.Reflection.Extensions.Local", "..\Penguin.Reflection.Extensions\Penguin.Reflection.Extensions.Local.csproj", "{61FC7F7A-C97F-4528-AA4B-A6DAA7EEBF99}"
EndProject
Project("{FAE04EC0-301F-11D3-BF4B-00C04F79EFBC}") = "Penguin.Extensions.String.Local", "..\Penguin.Extensions.String\Penguin.Extensions.String.Local.csproj", "{E6189642-2D7B-43E0-9256-92F263B9CCC5}"
EndProject
Project("{FAE04EC0-301F-11D3-BF4B-00C04F79EFBC}") = "Penguin.Reflection.Abstractions.Local", "..\Penguin.Reflection.Abstractions\Penguin.Reflection.Abstractions.Local.csproj", "{28693215-32A2-4FAD-8EF4-0FCD025F3AB6}"
EndProject
Project("{FAE04EC0-301F-11D3-BF4B-00C04F79EFBC}") = "Penguin.Messaging.Core.Local", "..\Penguin.Messaging.Core\Penguin.Messaging.Core.Local.csproj", "{0F5839AD-6526-4295-8A66-28393B9986C8}"
EndProject
Project("{FAE04EC0-301F-11D3-BF4B-00C04F79EFBC}") = "Penguin.Debugging.Local", "..\Penguin.Debugging\Penguin.Debugging.Local.csproj", "{0FA95FDB-2C82-4D74-9126-E40362D70E6C}"
EndProject
Project("{FAE04EC0-301F-11D3-BF4B-00C04F79EFBC}") = "Penguin.Extensions.Exceptions.Local", "..\Penguin.Extensions.Exceptions\Penguin.Extensions.Exceptions.Local.csproj", "{2ABBBFF4-D448-477F-81BD-165F6417475D}"
EndProject
Project("{FAE04EC0-301F-11D3-BF4B-00C04F79EFBC}") = "Penguin.Messaging.Abstractions.Local", "..\Penguin.Messaging.Abstractions\Penguin.Messaging.Abstractions.Local.csproj", "{65AB9162-08F5-4994-96F0-BCEEFD739B0C}"
EndProject
Project("{FAE04EC0-301F-11D3-BF4B-00C04F79EFBC}") = "Penguin.Persistence.Repositories.Local", "..\Penguin.Persistence.Repositories\Penguin.Persistence.Repositories.Local.csproj", "{007EF527-34BE-4A56-A463-A338C6147A4B}"
EndProject
Project("{FAE04EC0-301F-11D3-BF4B-00C04F79EFBC}") = "Penguin.DependencyInjection.Abstractions.Local", "..\Penguin.DependencyInjection.Abstractions\Penguin.DependencyInjection.Abstractions.Local.csproj", "{898C6344-0C00-46CD-8879-2131EC0442DB}"
EndProject
Project("{FAE04EC0-301F-11D3-BF4B-00C04F79EFBC}") = "Penguin.Messaging.Persistence.Local", "..\Penguin.Messaging.Persistence\Penguin.Messaging.Persistence.Local.csproj", "{3C5C5FDD-52EA-43C0-B496-D6519176FEF2}"
EndProject
Project("{FAE04EC0-301F-11D3-BF4B-00C04F79EFBC}") = "Penguin.Reflection.Local", "..\Penguin.Reflection\Penguin.Reflection.Local.csproj", "{F59F76E5-6236-4869-82CA-111C1E472AB7}"
EndProject
Global
	GlobalSection(SolutionConfigurationPlatforms) = preSolution
		Debug|Any CPU = Debug|Any CPU
		Debug|x64 = Debug|x64
		Debug|x86 = Debug|x86
		Release|Any CPU = Release|Any CPU
		Release|x64 = Release|x64
		Release|x86 = Release|x86
	EndGlobalSection
	GlobalSection(SolutionProperties) = preSolution
		HideSolutionNode = FALSE
	EndGlobalSection
	GlobalSection(ProjectConfigurationPlatforms) = postSolution
		{D6A7D422-1E9F-4618-919C-B34F32B247DA}.Debug|Any CPU.ActiveCfg = Debug|Any CPU
		{D6A7D422-1E9F-4618-919C-B34F32B247DA}.Debug|Any CPU.Build.0 = Debug|Any CPU
		{D6A7D422-1E9F-4618-919C-B34F32B247DA}.Debug|x64.ActiveCfg = Debug|Any CPU
		{D6A7D422-1E9F-4618-919C-B34F32B247DA}.Debug|x64.Build.0 = Debug|Any CPU
		{D6A7D422-1E9F-4618-919C-B34F32B247DA}.Debug|x86.ActiveCfg = Debug|Any CPU
		{D6A7D422-1E9F-4618-919C-B34F32B247DA}.Debug|x86.Build.0 = Debug|Any CPU
		{D6A7D422-1E9F-4618-919C-B34F32B247DA}.Release|Any CPU.ActiveCfg = Release|Any CPU
		{D6A7D422-1E9F-4618-919C-B34F32B247DA}.Release|Any CPU.Build.0 = Release|Any CPU
		{D6A7D422-1E9F-4618-919C-B34F32B247DA}.Release|x64.ActiveCfg = Release|Any CPU
		{D6A7D422-1E9F-4618-919C-B34F32B247DA}.Release|x64.Build.0 = Release|Any CPU
		{D6A7D422-1E9F-4618-919C-B34F32B247DA}.Release|x86.ActiveCfg = Release|Any CPU
		{D6A7D422-1E9F-4618-919C-B34F32B247DA}.Release|x86.Build.0 = Release|Any CPU
		{05DBADDF-7E98-4FD4-8161-39EA2970387C}.Debug|Any CPU.ActiveCfg = Debug|Any CPU
		{05DBADDF-7E98-4FD4-8161-39EA2970387C}.Debug|Any CPU.Build.0 = Debug|Any CPU
		{05DBADDF-7E98-4FD4-8161-39EA2970387C}.Debug|x64.ActiveCfg = Debug|Any CPU
		{05DBADDF-7E98-4FD4-8161-39EA2970387C}.Debug|x64.Build.0 = Debug|Any CPU
		{05DBADDF-7E98-4FD4-8161-39EA2970387C}.Debug|x86.ActiveCfg = Debug|Any CPU
		{05DBADDF-7E98-4FD4-8161-39EA2970387C}.Debug|x86.Build.0 = Debug|Any CPU
		{05DBADDF-7E98-4FD4-8161-39EA2970387C}.Release|Any CPU.ActiveCfg = Release|Any CPU
		{05DBADDF-7E98-4FD4-8161-39EA2970387C}.Release|Any CPU.Build.0 = Release|Any CPU
		{05DBADDF-7E98-4FD4-8161-39EA2970387C}.Release|x64.ActiveCfg = Release|Any CPU
		{05DBADDF-7E98-4FD4-8161-39EA2970387C}.Release|x64.Build.0 = Release|Any CPU
		{05DBADDF-7E98-4FD4-8161-39EA2970387C}.Release|x86.ActiveCfg = Release|Any CPU
		{05DBADDF-7E98-4FD4-8161-39EA2970387C}.Release|x86.Build.0 = Release|Any CPU
		{77B05C5C-BB23-465F-A051-9D0F9A4CACBE}.Debug|Any CPU.ActiveCfg = Debug|Any CPU
		{77B05C5C-BB23-465F-A051-9D0F9A4CACBE}.Debug|Any CPU.Build.0 = Debug|Any CPU
		{77B05C5C-BB23-465F-A051-9D0F9A4CACBE}.Debug|x64.ActiveCfg = Debug|Any CPU
		{77B05C5C-BB23-465F-A051-9D0F9A4CACBE}.Debug|x64.Build.0 = Debug|Any CPU
		{77B05C5C-BB23-465F-A051-9D0F9A4CACBE}.Debug|x86.ActiveCfg = Debug|Any CPU
		{77B05C5C-BB23-465F-A051-9D0F9A4CACBE}.Debug|x86.Build.0 = Debug|Any CPU
		{77B05C5C-BB23-465F-A051-9D0F9A4CACBE}.Release|Any CPU.ActiveCfg = Release|Any CPU
		{77B05C5C-BB23-465F-A051-9D0F9A4CACBE}.Release|Any CPU.Build.0 = Release|Any CPU
		{77B05C5C-BB23-465F-A051-9D0F9A4CACBE}.Release|x64.ActiveCfg = Release|Any CPU
		{77B05C5C-BB23-465F-A051-9D0F9A4CACBE}.Release|x64.Build.0 = Release|Any CPU
		{77B05C5C-BB23-465F-A051-9D0F9A4CACBE}.Release|x86.ActiveCfg = Release|Any CPU
		{77B05C5C-BB23-465F-A051-9D0F9A4CACBE}.Release|x86.Build.0 = Release|Any CPU
		{50C83B06-9FAF-4ECD-9437-805DAB201469}.Debug|Any CPU.ActiveCfg = Debug|Any CPU
		{50C83B06-9FAF-4ECD-9437-805DAB201469}.Debug|Any CPU.Build.0 = Debug|Any CPU
		{50C83B06-9FAF-4ECD-9437-805DAB201469}.Debug|x64.ActiveCfg = Debug|Any CPU
		{50C83B06-9FAF-4ECD-9437-805DAB201469}.Debug|x64.Build.0 = Debug|Any CPU
		{50C83B06-9FAF-4ECD-9437-805DAB201469}.Debug|x86.ActiveCfg = Debug|Any CPU
		{50C83B06-9FAF-4ECD-9437-805DAB201469}.Debug|x86.Build.0 = Debug|Any CPU
		{50C83B06-9FAF-4ECD-9437-805DAB201469}.Release|Any CPU.ActiveCfg = Release|Any CPU
		{50C83B06-9FAF-4ECD-9437-805DAB201469}.Release|Any CPU.Build.0 = Release|Any CPU
		{50C83B06-9FAF-4ECD-9437-805DAB201469}.Release|x64.ActiveCfg = Release|Any CPU
		{50C83B06-9FAF-4ECD-9437-805DAB201469}.Release|x64.Build.0 = Release|Any CPU
		{50C83B06-9FAF-4ECD-9437-805DAB201469}.Release|x86.ActiveCfg = Release|Any CPU
		{50C83B06-9FAF-4ECD-9437-805DAB201469}.Release|x86.Build.0 = Release|Any CPU
		{61FC7F7A-C97F-4528-AA4B-A6DAA7EEBF99}.Debug|Any CPU.ActiveCfg = Debug|Any CPU
		{61FC7F7A-C97F-4528-AA4B-A6DAA7EEBF99}.Debug|Any CPU.Build.0 = Debug|Any CPU
		{61FC7F7A-C97F-4528-AA4B-A6DAA7EEBF99}.Debug|x64.ActiveCfg = Debug|Any CPU
		{61FC7F7A-C97F-4528-AA4B-A6DAA7EEBF99}.Debug|x64.Build.0 = Debug|Any CPU
		{61FC7F7A-C97F-4528-AA4B-A6DAA7EEBF99}.Debug|x86.ActiveCfg = Debug|Any CPU
		{61FC7F7A-C97F-4528-AA4B-A6DAA7EEBF99}.Debug|x86.Build.0 = Debug|Any CPU
		{61FC7F7A-C97F-4528-AA4B-A6DAA7EEBF99}.Release|Any CPU.ActiveCfg = Release|Any CPU
		{61FC7F7A-C97F-4528-AA4B-A6DAA7EEBF99}.Release|Any CPU.Build.0 = Release|Any CPU
		{61FC7F7A-C97F-4528-AA4B-A6DAA7EEBF99}.Release|x64.ActiveCfg = Release|Any CPU
		{61FC7F7A-C97F-4528-AA4B-A6DAA7EEBF99}.Release|x64.Build.0 = Release|Any CPU
		{61FC7F7A-C97F-4528-AA4B-A6DAA7EEBF99}.Release|x86.ActiveCfg = Release|Any CPU
		{61FC7F7A-C97F-4528-AA4B-A6DAA7EEBF99}.Release|x86.Build.0 = Release|Any CPU
		{E6189642-2D7B-43E0-9256-92F263B9CCC5}.Debug|Any CPU.ActiveCfg = Debug|Any CPU
		{E6189642-2D7B-43E0-9256-92F263B9CCC5}.Debug|Any CPU.Build.0 = Debug|Any CPU
		{E6189642-2D7B-43E0-9256-92F263B9CCC5}.Debug|x64.ActiveCfg = Debug|Any CPU
		{E6189642-2D7B-43E0-9256-92F263B9CCC5}.Debug|x64.Build.0 = Debug|Any CPU
		{E6189642-2D7B-43E0-9256-92F263B9CCC5}.Debug|x86.ActiveCfg = Debug|Any CPU
		{E6189642-2D7B-43E0-9256-92F263B9CCC5}.Debug|x86.Build.0 = Debug|Any CPU
		{E6189642-2D7B-43E0-9256-92F263B9CCC5}.Release|Any CPU.ActiveCfg = Release|Any CPU
		{E6189642-2D7B-43E0-9256-92F263B9CCC5}.Release|Any CPU.Build.0 = Release|Any CPU
		{E6189642-2D7B-43E0-9256-92F263B9CCC5}.Release|x64.ActiveCfg = Release|Any CPU
		{E6189642-2D7B-43E0-9256-92F263B9CCC5}.Release|x64.Build.0 = Release|Any CPU
		{E6189642-2D7B-43E0-9256-92F263B9CCC5}.Release|x86.ActiveCfg = Release|Any CPU
		{E6189642-2D7B-43E0-9256-92F263B9CCC5}.Release|x86.Build.0 = Release|Any CPU
		{28693215-32A2-4FAD-8EF4-0FCD025F3AB6}.Debug|Any CPU.ActiveCfg = Debug|Any CPU
		{28693215-32A2-4FAD-8EF4-0FCD025F3AB6}.Debug|Any CPU.Build.0 = Debug|Any CPU
		{28693215-32A2-4FAD-8EF4-0FCD025F3AB6}.Debug|x64.ActiveCfg = Debug|Any CPU
		{28693215-32A2-4FAD-8EF4-0FCD025F3AB6}.Debug|x64.Build.0 = Debug|Any CPU
		{28693215-32A2-4FAD-8EF4-0FCD025F3AB6}.Debug|x86.ActiveCfg = Debug|Any CPU
		{28693215-32A2-4FAD-8EF4-0FCD025F3AB6}.Debug|x86.Build.0 = Debug|Any CPU
		{28693215-32A2-4FAD-8EF4-0FCD025F3AB6}.Release|Any CPU.ActiveCfg = Release|Any CPU
		{28693215-32A2-4FAD-8EF4-0FCD025F3AB6}.Release|Any CPU.Build.0 = Release|Any CPU
		{28693215-32A2-4FAD-8EF4-0FCD025F3AB6}.Release|x64.ActiveCfg = Release|Any CPU
		{28693215-32A2-4FAD-8EF4-0FCD025F3AB6}.Release|x64.Build.0 = Release|Any CPU
		{28693215-32A2-4FAD-8EF4-0FCD025F3AB6}.Release|x86.ActiveCfg = Release|Any CPU
		{28693215-32A2-4FAD-8EF4-0FCD025F3AB6}.Release|x86.Build.0 = Release|Any CPU
		{0F5839AD-6526-4295-8A66-28393B9986C8}.Debug|Any CPU.ActiveCfg = Debug|Any CPU
		{0F5839AD-6526-4295-8A66-28393B9986C8}.Debug|Any CPU.Build.0 = Debug|Any CPU
		{0F5839AD-6526-4295-8A66-28393B9986C8}.Debug|x64.ActiveCfg = Debug|Any CPU
		{0F5839AD-6526-4295-8A66-28393B9986C8}.Debug|x64.Build.0 = Debug|Any CPU
		{0F5839AD-6526-4295-8A66-28393B9986C8}.Debug|x86.ActiveCfg = Debug|Any CPU
		{0F5839AD-6526-4295-8A66-28393B9986C8}.Debug|x86.Build.0 = Debug|Any CPU
		{0F5839AD-6526-4295-8A66-28393B9986C8}.Release|Any CPU.ActiveCfg = Release|Any CPU
		{0F5839AD-6526-4295-8A66-28393B9986C8}.Release|Any CPU.Build.0 = Release|Any CPU
		{0F5839AD-6526-4295-8A66-28393B9986C8}.Release|x64.ActiveCfg = Release|Any CPU
		{0F5839AD-6526-4295-8A66-28393B9986C8}.Release|x64.Build.0 = Release|Any CPU
		{0F5839AD-6526-4295-8A66-28393B9986C8}.Release|x86.ActiveCfg = Release|Any CPU
		{0F5839AD-6526-4295-8A66-28393B9986C8}.Release|x86.Build.0 = Release|Any CPU
		{0FA95FDB-2C82-4D74-9126-E40362D70E6C}.Debug|Any CPU.ActiveCfg = Debug|Any CPU
		{0FA95FDB-2C82-4D74-9126-E40362D70E6C}.Debug|Any CPU.Build.0 = Debug|Any CPU
		{0FA95FDB-2C82-4D74-9126-E40362D70E6C}.Debug|x64.ActiveCfg = Debug|Any CPU
		{0FA95FDB-2C82-4D74-9126-E40362D70E6C}.Debug|x64.Build.0 = Debug|Any CPU
		{0FA95FDB-2C82-4D74-9126-E40362D70E6C}.Debug|x86.ActiveCfg = Debug|Any CPU
		{0FA95FDB-2C82-4D74-9126-E40362D70E6C}.Debug|x86.Build.0 = Debug|Any CPU
		{0FA95FDB-2C82-4D74-9126-E40362D70E6C}.Release|Any CPU.ActiveCfg = Release|Any CPU
		{0FA95FDB-2C82-4D74-9126-E40362D70E6C}.Release|Any CPU.Build.0 = Release|Any CPU
		{0FA95FDB-2C82-4D74-9126-E40362D70E6C}.Release|x64.ActiveCfg = Release|Any CPU
		{0FA95FDB-2C82-4D74-9126-E40362D70E6C}.Release|x64.Build.0 = Release|Any CPU
		{0FA95FDB-2C82-4D74-9126-E40362D70E6C}.Release|x86.ActiveCfg = Release|Any CPU
		{0FA95FDB-2C82-4D74-9126-E40362D70E6C}.Release|x86.Build.0 = Release|Any CPU
		{2ABBBFF4-D448-477F-81BD-165F6417475D}.Debug|Any CPU.ActiveCfg = Debug|Any CPU
		{2ABBBFF4-D448-477F-81BD-165F6417475D}.Debug|Any CPU.Build.0 = Debug|Any CPU
		{2ABBBFF4-D448-477F-81BD-165F6417475D}.Debug|x64.ActiveCfg = Debug|Any CPU
		{2ABBBFF4-D448-477F-81BD-165F6417475D}.Debug|x64.Build.0 = Debug|Any CPU
		{2ABBBFF4-D448-477F-81BD-165F6417475D}.Debug|x86.ActiveCfg = Debug|Any CPU
		{2ABBBFF4-D448-477F-81BD-165F6417475D}.Debug|x86.Build.0 = Debug|Any CPU
		{2ABBBFF4-D448-477F-81BD-165F6417475D}.Release|Any CPU.ActiveCfg = Release|Any CPU
		{2ABBBFF4-D448-477F-81BD-165F6417475D}.Release|Any CPU.Build.0 = Release|Any CPU
		{2ABBBFF4-D448-477F-81BD-165F6417475D}.Release|x64.ActiveCfg = Release|Any CPU
		{2ABBBFF4-D448-477F-81BD-165F6417475D}.Release|x64.Build.0 = Release|Any CPU
		{2ABBBFF4-D448-477F-81BD-165F6417475D}.Release|x86.ActiveCfg = Release|Any CPU
		{2ABBBFF4-D448-477F-81BD-165F6417475D}.Release|x86.Build.0 = Release|Any CPU
		{65AB9162-08F5-4994-96F0-BCEEFD739B0C}.Debug|Any CPU.ActiveCfg = Debug|Any CPU
		{65AB9162-08F5-4994-96F0-BCEEFD739B0C}.Debug|Any CPU.Build.0 = Debug|Any CPU
		{65AB9162-08F5-4994-96F0-BCEEFD739B0C}.Debug|x64.ActiveCfg = Debug|Any CPU
		{65AB9162-08F5-4994-96F0-BCEEFD739B0C}.Debug|x64.Build.0 = Debug|Any CPU
		{65AB9162-08F5-4994-96F0-BCEEFD739B0C}.Debug|x86.ActiveCfg = Debug|Any CPU
		{65AB9162-08F5-4994-96F0-BCEEFD739B0C}.Debug|x86.Build.0 = Debug|Any CPU
		{65AB9162-08F5-4994-96F0-BCEEFD739B0C}.Release|Any CPU.ActiveCfg = Release|Any CPU
		{65AB9162-08F5-4994-96F0-BCEEFD739B0C}.Release|Any CPU.Build.0 = Release|Any CPU
		{65AB9162-08F5-4994-96F0-BCEEFD739B0C}.Release|x64.ActiveCfg = Release|Any CPU
		{65AB9162-08F5-4994-96F0-BCEEFD739B0C}.Release|x64.Build.0 = Release|Any CPU
		{65AB9162-08F5-4994-96F0-BCEEFD739B0C}.Release|x86.ActiveCfg = Release|Any CPU
		{65AB9162-08F5-4994-96F0-BCEEFD739B0C}.Release|x86.Build.0 = Release|Any CPU
		{007EF527-34BE-4A56-A463-A338C6147A4B}.Debug|Any CPU.ActiveCfg = Debug|Any CPU
		{007EF527-34BE-4A56-A463-A338C6147A4B}.Debug|Any CPU.Build.0 = Debug|Any CPU
		{007EF527-34BE-4A56-A463-A338C6147A4B}.Debug|x64.ActiveCfg = Debug|Any CPU
		{007EF527-34BE-4A56-A463-A338C6147A4B}.Debug|x64.Build.0 = Debug|Any CPU
		{007EF527-34BE-4A56-A463-A338C6147A4B}.Debug|x86.ActiveCfg = Debug|Any CPU
		{007EF527-34BE-4A56-A463-A338C6147A4B}.Debug|x86.Build.0 = Debug|Any CPU
		{007EF527-34BE-4A56-A463-A338C6147A4B}.Release|Any CPU.ActiveCfg = Release|Any CPU
		{007EF527-34BE-4A56-A463-A338C6147A4B}.Release|Any CPU.Build.0 = Release|Any CPU
		{007EF527-34BE-4A56-A463-A338C6147A4B}.Release|x64.ActiveCfg = Release|Any CPU
		{007EF527-34BE-4A56-A463-A338C6147A4B}.Release|x64.Build.0 = Release|Any CPU
		{007EF527-34BE-4A56-A463-A338C6147A4B}.Release|x86.ActiveCfg = Release|Any CPU
		{007EF527-34BE-4A56-A463-A338C6147A4B}.Release|x86.Build.0 = Release|Any CPU
		{898C6344-0C00-46CD-8879-2131EC0442DB}.Debug|Any CPU.ActiveCfg = Debug|Any CPU
		{898C6344-0C00-46CD-8879-2131EC0442DB}.Debug|Any CPU.Build.0 = Debug|Any CPU
		{898C6344-0C00-46CD-8879-2131EC0442DB}.Debug|x64.ActiveCfg = Debug|Any CPU
		{898C6344-0C00-46CD-8879-2131EC0442DB}.Debug|x64.Build.0 = Debug|Any CPU
		{898C6344-0C00-46CD-8879-2131EC0442DB}.Debug|x86.ActiveCfg = Debug|Any CPU
		{898C6344-0C00-46CD-8879-2131EC0442DB}.Debug|x86.Build.0 = Debug|Any CPU
		{898C6344-0C00-46CD-8879-2131EC0442DB}.Release|Any CPU.ActiveCfg = Release|Any CPU
		{898C6344-0C00-46CD-8879-2131EC0442DB}.Release|Any CPU.Build.0 = Release|Any CPU
		{898C6344-0C00-46CD-8879-2131EC0442DB}.Release|x64.ActiveCfg = Release|Any CPU
		{898C6344-0C00-46CD-8879-2131EC0442DB}.Release|x64.Build.0 = Release|Any CPU
		{898C6344-0C00-46CD-8879-2131EC0442DB}.Release|x86.ActiveCfg = Release|Any CPU
		{898C6344-0C00-46CD-8879-2131EC0442DB}.Release|x86.Build.0 = Release|Any CPU
		{3C5C5FDD-52EA-43C0-B496-D6519176FEF2}.Debug|Any CPU.ActiveCfg = Debug|Any CPU
		{3C5C5FDD-52EA-43C0-B496-D6519176FEF2}.Debug|Any CPU.Build.0 = Debug|Any CPU
		{3C5C5FDD-52EA-43C0-B496-D6519176FEF2}.Debug|x64.ActiveCfg = Debug|Any CPU
		{3C5C5FDD-52EA-43C0-B496-D6519176FEF2}.Debug|x64.Build.0 = Debug|Any CPU
		{3C5C5FDD-52EA-43C0-B496-D6519176FEF2}.Debug|x86.ActiveCfg = Debug|Any CPU
		{3C5C5FDD-52EA-43C0-B496-D6519176FEF2}.Debug|x86.Build.0 = Debug|Any CPU
		{3C5C5FDD-52EA-43C0-B496-D6519176FEF2}.Release|Any CPU.ActiveCfg = Release|Any CPU
		{3C5C5FDD-52EA-43C0-B496-D6519176FEF2}.Release|Any CPU.Build.0 = Release|Any CPU
		{3C5C5FDD-52EA-43C0-B496-D6519176FEF2}.Release|x64.ActiveCfg = Release|Any CPU
		{3C5C5FDD-52EA-43C0-B496-D6519176FEF2}.Release|x64.Build.0 = Release|Any CPU
		{3C5C5FDD-52EA-43C0-B496-D6519176FEF2}.Release|x86.ActiveCfg = Release|Any CPU
		{3C5C5FDD-52EA-43C0-B496-D6519176FEF2}.Release|x86.Build.0 = Release|Any CPU
		{F59F76E5-6236-4869-82CA-111C1E472AB7}.Debug|Any CPU.ActiveCfg = Debug|Any CPU
		{F59F76E5-6236-4869-82CA-111C1E472AB7}.Debug|Any CPU.Build.0 = Debug|Any CPU
		{F59F76E5-6236-4869-82CA-111C1E472AB7}.Debug|x64.ActiveCfg = Debug|Any CPU
		{F59F76E5-6236-4869-82CA-111C1E472AB7}.Debug|x64.Build.0 = Debug|Any CPU
		{F59F76E5-6236-4869-82CA-111C1E472AB7}.Debug|x86.ActiveCfg = Debug|Any CPU
		{F59F76E5-6236-4869-82CA-111C1E472AB7}.Debug|x86.Build.0 = Debug|Any CPU
		{F59F76E5-6236-4869-82CA-111C1E472AB7}.Release|Any CPU.ActiveCfg = Release|Any CPU
		{F59F76E5-6236-4869-82CA-111C1E472AB7}.Release|Any CPU.Build.0 = Release|Any CPU
		{F59F76E5-6236-4869-82CA-111C1E472AB7}.Release|x64.ActiveCfg = Release|Any CPU
		{F59F76E5-6236-4869-82CA-111C1E472AB7}.Release|x64.Build.0 = Release|Any CPU
		{F59F76E5-6236-4869-82CA-111C1E472AB7}.Release|x86.ActiveCfg = Release|Any CPU
		{F59F76E5-6236-4869-82CA-111C1E472AB7}.Release|x86.Build.0 = Release|Any CPU
	EndGlobalSection
EndGlobal
