
Microsoft Visual Studio Solution File, Format Version 12.00
# Visual Studio Version 16
VisualStudioVersion = 16.0.30114.105
MinimumVisualStudioVersion = 10.0.40219.1
Project("{FAE04EC0-301F-11D3-BF4B-00C04F79EFBC}") = "Penguin.Cms.Repositories.Local", "Penguin.Cms.Repositories.Local.csproj", "{6E9B0293-CB9F-4A1B-A1FC-E9A214BEEB8A}"
EndProject
Project("{FAE04EC0-301F-11D3-BF4B-00C04F79EFBC}") = "Penguin.Cms.Entities.Local", "..\Penguin.Cms.Entities\Penguin.Cms.Entities.Local.csproj", "{32806609-76D3-43BF-BBEB-1C9CBF5ED9DD}"
EndProject
Project("{FAE04EC0-301F-11D3-BF4B-00C04F79EFBC}") = "Penguin.Persistence.Abstractions.Local", "..\Penguin.Persistence.Abstractions\Penguin.Persistence.Abstractions.Local.csproj", "{2A23D3A2-5C6E-4BCA-AFB3-FAA43762B0D9}"
EndProject
Project("{FAE04EC0-301F-11D3-BF4B-00C04F79EFBC}") = "Penguin.Entities.Abstractions.Local", "..\Penguin.Entities.Abstractions\Penguin.Entities.Abstractions.Local.csproj", "{6784F674-DD76-46F0-A427-0AB436D880A0}"
EndProject
Project("{FAE04EC0-301F-11D3-BF4B-00C04F79EFBC}") = "Penguin.Reflection.Extensions.Local", "..\Penguin.Reflection.Extensions\Penguin.Reflection.Extensions.Local.csproj", "{53C653D7-4918-4C89-B3A4-8C0E76E1DE12}"
EndProject
Project("{FAE04EC0-301F-11D3-BF4B-00C04F79EFBC}") = "Penguin.Reflection.Abstractions.Local", "..\Penguin.Reflection.Abstractions\Penguin.Reflection.Abstractions.Local.csproj", "{56082B4D-40ED-4979-9286-0C1713E88DA7}"
EndProject
Project("{FAE04EC0-301F-11D3-BF4B-00C04F79EFBC}") = "Penguin.Extensions.String.Local", "..\Penguin.Extensions.String\Penguin.Extensions.String.Local.csproj", "{06E658FB-EA34-4A72-A692-BAAF15B1083B}"
EndProject
Project("{FAE04EC0-301F-11D3-BF4B-00C04F79EFBC}") = "Penguin.Persistence.Repositories.Local", "..\Penguin.Persistence.Repositories\Penguin.Persistence.Repositories.Local.csproj", "{88DA3A43-3E8F-4A3F-BBBC-ED4A535810B7}"
EndProject
Project("{FAE04EC0-301F-11D3-BF4B-00C04F79EFBC}") = "Penguin.DependencyInjection.Abstractions.Local", "..\Penguin.DependencyInjection.Abstractions\Penguin.DependencyInjection.Abstractions.Local.csproj", "{9C69044B-6C2F-4E25-BA07-E80F86942A3A}"
EndProject
Project("{FAE04EC0-301F-11D3-BF4B-00C04F79EFBC}") = "Penguin.Messaging.Persistence.Local", "..\Penguin.Messaging.Persistence\Penguin.Messaging.Persistence.Local.csproj", "{43AB30FC-07B9-4FF4-A2A5-EFE71AA6E8DC}"
EndProject
Project("{FAE04EC0-301F-11D3-BF4B-00C04F79EFBC}") = "Penguin.Messaging.Abstractions.Local", "..\Penguin.Messaging.Abstractions\Penguin.Messaging.Abstractions.Local.csproj", "{D6E69A1D-8762-4D8C-905A-CA6F5E2C9D84}"
EndProject
Project("{FAE04EC0-301F-11D3-BF4B-00C04F79EFBC}") = "Penguin.Messaging.Core.Local", "..\Penguin.Messaging.Core\Penguin.Messaging.Core.Local.csproj", "{F253975E-5EF3-4B6B-8743-9A0D8D4D48B2}"
EndProject
Project("{FAE04EC0-301F-11D3-BF4B-00C04F79EFBC}") = "Penguin.Debugging.Local", "..\Penguin.Debugging\Penguin.Debugging.Local.csproj", "{F10C4921-1364-47A9-9A4E-8038141F9CEA}"
EndProject
Project("{FAE04EC0-301F-11D3-BF4B-00C04F79EFBC}") = "Penguin.Extensions.Exceptions.Local", "..\Penguin.Extensions.Exceptions\Penguin.Extensions.Exceptions.Local.csproj", "{82C40605-A1EE-4492-8A69-169C128E307A}"
EndProject
Project("{FAE04EC0-301F-11D3-BF4B-00C04F79EFBC}") = "Penguin.Reflection.Local", "..\Penguin.Reflection\Penguin.Reflection.Local.csproj", "{59C033CB-D44D-4AAF-B068-3AD0BDEBDC83}"
EndProject
Global
	GlobalSection(SolutionConfigurationPlatforms) = preSolution
		Debug|Any CPU = Debug|Any CPU
		Debug|x64 = Debug|x64
		Debug|x86 = Debug|x86
		Release|Any CPU = Release|Any CPU
		Release|x64 = Release|x64
		Release|x86 = Release|x86
	EndGlobalSection
	GlobalSection(SolutionProperties) = preSolution
		HideSolutionNode = FALSE
	EndGlobalSection
	GlobalSection(ProjectConfigurationPlatforms) = postSolution
		{6E9B0293-CB9F-4A1B-A1FC-E9A214BEEB8A}.Debug|Any CPU.ActiveCfg = Debug|Any CPU
		{6E9B0293-CB9F-4A1B-A1FC-E9A214BEEB8A}.Debug|Any CPU.Build.0 = Debug|Any CPU
		{6E9B0293-CB9F-4A1B-A1FC-E9A214BEEB8A}.Debug|x64.ActiveCfg = Debug|Any CPU
		{6E9B0293-CB9F-4A1B-A1FC-E9A214BEEB8A}.Debug|x64.Build.0 = Debug|Any CPU
		{6E9B0293-CB9F-4A1B-A1FC-E9A214BEEB8A}.Debug|x86.ActiveCfg = Debug|Any CPU
		{6E9B0293-CB9F-4A1B-A1FC-E9A214BEEB8A}.Debug|x86.Build.0 = Debug|Any CPU
		{6E9B0293-CB9F-4A1B-A1FC-E9A214BEEB8A}.Release|Any CPU.ActiveCfg = Release|Any CPU
		{6E9B0293-CB9F-4A1B-A1FC-E9A214BEEB8A}.Release|Any CPU.Build.0 = Release|Any CPU
		{6E9B0293-CB9F-4A1B-A1FC-E9A214BEEB8A}.Release|x64.ActiveCfg = Release|Any CPU
		{6E9B0293-CB9F-4A1B-A1FC-E9A214BEEB8A}.Release|x64.Build.0 = Release|Any CPU
		{6E9B0293-CB9F-4A1B-A1FC-E9A214BEEB8A}.Release|x86.ActiveCfg = Release|Any CPU
		{6E9B0293-CB9F-4A1B-A1FC-E9A214BEEB8A}.Release|x86.Build.0 = Release|Any CPU
		{32806609-76D3-43BF-BBEB-1C9CBF5ED9DD}.Debug|Any CPU.ActiveCfg = Debug|Any CPU
		{32806609-76D3-43BF-BBEB-1C9CBF5ED9DD}.Debug|Any CPU.Build.0 = Debug|Any CPU
		{32806609-76D3-43BF-BBEB-1C9CBF5ED9DD}.Debug|x64.ActiveCfg = Debug|Any CPU
		{32806609-76D3-43BF-BBEB-1C9CBF5ED9DD}.Debug|x64.Build.0 = Debug|Any CPU
		{32806609-76D3-43BF-BBEB-1C9CBF5ED9DD}.Debug|x86.ActiveCfg = Debug|Any CPU
		{32806609-76D3-43BF-BBEB-1C9CBF5ED9DD}.Debug|x86.Build.0 = Debug|Any CPU
		{32806609-76D3-43BF-BBEB-1C9CBF5ED9DD}.Release|Any CPU.ActiveCfg = Release|Any CPU
		{32806609-76D3-43BF-BBEB-1C9CBF5ED9DD}.Release|Any CPU.Build.0 = Release|Any CPU
		{32806609-76D3-43BF-BBEB-1C9CBF5ED9DD}.Release|x64.ActiveCfg = Release|Any CPU
		{32806609-76D3-43BF-BBEB-1C9CBF5ED9DD}.Release|x64.Build.0 = Release|Any CPU
		{32806609-76D3-43BF-BBEB-1C9CBF5ED9DD}.Release|x86.ActiveCfg = Release|Any CPU
		{32806609-76D3-43BF-BBEB-1C9CBF5ED9DD}.Release|x86.Build.0 = Release|Any CPU
		{2A23D3A2-5C6E-4BCA-AFB3-FAA43762B0D9}.Debug|Any CPU.ActiveCfg = Debug|Any CPU
		{2A23D3A2-5C6E-4BCA-AFB3-FAA43762B0D9}.Debug|Any CPU.Build.0 = Debug|Any CPU
		{2A23D3A2-5C6E-4BCA-AFB3-FAA43762B0D9}.Debug|x64.ActiveCfg = Debug|Any CPU
		{2A23D3A2-5C6E-4BCA-AFB3-FAA43762B0D9}.Debug|x64.Build.0 = Debug|Any CPU
		{2A23D3A2-5C6E-4BCA-AFB3-FAA43762B0D9}.Debug|x86.ActiveCfg = Debug|Any CPU
		{2A23D3A2-5C6E-4BCA-AFB3-FAA43762B0D9}.Debug|x86.Build.0 = Debug|Any CPU
		{2A23D3A2-5C6E-4BCA-AFB3-FAA43762B0D9}.Release|Any CPU.ActiveCfg = Release|Any CPU
		{2A23D3A2-5C6E-4BCA-AFB3-FAA43762B0D9}.Release|Any CPU.Build.0 = Release|Any CPU
		{2A23D3A2-5C6E-4BCA-AFB3-FAA43762B0D9}.Release|x64.ActiveCfg = Release|Any CPU
		{2A23D3A2-5C6E-4BCA-AFB3-FAA43762B0D9}.Release|x64.Build.0 = Release|Any CPU
		{2A23D3A2-5C6E-4BCA-AFB3-FAA43762B0D9}.Release|x86.ActiveCfg = Release|Any CPU
		{2A23D3A2-5C6E-4BCA-AFB3-FAA43762B0D9}.Release|x86.Build.0 = Release|Any CPU
		{6784F674-DD76-46F0-A427-0AB436D880A0}.Debug|Any CPU.ActiveCfg = Debug|Any CPU
		{6784F674-DD76-46F0-A427-0AB436D880A0}.Debug|Any CPU.Build.0 = Debug|Any CPU
		{6784F674-DD76-46F0-A427-0AB436D880A0}.Debug|x64.ActiveCfg = Debug|Any CPU
		{6784F674-DD76-46F0-A427-0AB436D880A0}.Debug|x64.Build.0 = Debug|Any CPU
		{6784F674-DD76-46F0-A427-0AB436D880A0}.Debug|x86.ActiveCfg = Debug|Any CPU
		{6784F674-DD76-46F0-A427-0AB436D880A0}.Debug|x86.Build.0 = Debug|Any CPU
		{6784F674-DD76-46F0-A427-0AB436D880A0}.Release|Any CPU.ActiveCfg = Release|Any CPU
		{6784F674-DD76-46F0-A427-0AB436D880A0}.Release|Any CPU.Build.0 = Release|Any CPU
		{6784F674-DD76-46F0-A427-0AB436D880A0}.Release|x64.ActiveCfg = Release|Any CPU
		{6784F674-DD76-46F0-A427-0AB436D880A0}.Release|x64.Build.0 = Release|Any CPU
		{6784F674-DD76-46F0-A427-0AB436D880A0}.Release|x86.ActiveCfg = Release|Any CPU
		{6784F674-DD76-46F0-A427-0AB436D880A0}.Release|x86.Build.0 = Release|Any CPU
		{53C653D7-4918-4C89-B3A4-8C0E76E1DE12}.Debug|Any CPU.ActiveCfg = Debug|Any CPU
		{53C653D7-4918-4C89-B3A4-8C0E76E1DE12}.Debug|Any CPU.Build.0 = Debug|Any CPU
		{53C653D7-4918-4C89-B3A4-8C0E76E1DE12}.Debug|x64.ActiveCfg = Debug|Any CPU
		{53C653D7-4918-4C89-B3A4-8C0E76E1DE12}.Debug|x64.Build.0 = Debug|Any CPU
		{53C653D7-4918-4C89-B3A4-8C0E76E1DE12}.Debug|x86.ActiveCfg = Debug|Any CPU
		{53C653D7-4918-4C89-B3A4-8C0E76E1DE12}.Debug|x86.Build.0 = Debug|Any CPU
		{53C653D7-4918-4C89-B3A4-8C0E76E1DE12}.Release|Any CPU.ActiveCfg = Release|Any CPU
		{53C653D7-4918-4C89-B3A4-8C0E76E1DE12}.Release|Any CPU.Build.0 = Release|Any CPU
		{53C653D7-4918-4C89-B3A4-8C0E76E1DE12}.Release|x64.ActiveCfg = Release|Any CPU
		{53C653D7-4918-4C89-B3A4-8C0E76E1DE12}.Release|x64.Build.0 = Release|Any CPU
		{53C653D7-4918-4C89-B3A4-8C0E76E1DE12}.Release|x86.ActiveCfg = Release|Any CPU
		{53C653D7-4918-4C89-B3A4-8C0E76E1DE12}.Release|x86.Build.0 = Release|Any CPU
		{56082B4D-40ED-4979-9286-0C1713E88DA7}.Debug|Any CPU.ActiveCfg = Debug|Any CPU
		{56082B4D-40ED-4979-9286-0C1713E88DA7}.Debug|Any CPU.Build.0 = Debug|Any CPU
		{56082B4D-40ED-4979-9286-0C1713E88DA7}.Debug|x64.ActiveCfg = Debug|Any CPU
		{56082B4D-40ED-4979-9286-0C1713E88DA7}.Debug|x64.Build.0 = Debug|Any CPU
		{56082B4D-40ED-4979-9286-0C1713E88DA7}.Debug|x86.ActiveCfg = Debug|Any CPU
		{56082B4D-40ED-4979-9286-0C1713E88DA7}.Debug|x86.Build.0 = Debug|Any CPU
		{56082B4D-40ED-4979-9286-0C1713E88DA7}.Release|Any CPU.ActiveCfg = Release|Any CPU
		{56082B4D-40ED-4979-9286-0C1713E88DA7}.Release|Any CPU.Build.0 = Release|Any CPU
		{56082B4D-40ED-4979-9286-0C1713E88DA7}.Release|x64.ActiveCfg = Release|Any CPU
		{56082B4D-40ED-4979-9286-0C1713E88DA7}.Release|x64.Build.0 = Release|Any CPU
		{56082B4D-40ED-4979-9286-0C1713E88DA7}.Release|x86.ActiveCfg = Release|Any CPU
		{56082B4D-40ED-4979-9286-0C1713E88DA7}.Release|x86.Build.0 = Release|Any CPU
		{06E658FB-EA34-4A72-A692-BAAF15B1083B}.Debug|Any CPU.ActiveCfg = Debug|Any CPU
		{06E658FB-EA34-4A72-A692-BAAF15B1083B}.Debug|Any CPU.Build.0 = Debug|Any CPU
		{06E658FB-EA34-4A72-A692-BAAF15B1083B}.Debug|x64.ActiveCfg = Debug|Any CPU
		{06E658FB-EA34-4A72-A692-BAAF15B1083B}.Debug|x64.Build.0 = Debug|Any CPU
		{06E658FB-EA34-4A72-A692-BAAF15B1083B}.Debug|x86.ActiveCfg = Debug|Any CPU
		{06E658FB-EA34-4A72-A692-BAAF15B1083B}.Debug|x86.Build.0 = Debug|Any CPU
		{06E658FB-EA34-4A72-A692-BAAF15B1083B}.Release|Any CPU.ActiveCfg = Release|Any CPU
		{06E658FB-EA34-4A72-A692-BAAF15B1083B}.Release|Any CPU.Build.0 = Release|Any CPU
		{06E658FB-EA34-4A72-A692-BAAF15B1083B}.Release|x64.ActiveCfg = Release|Any CPU
		{06E658FB-EA34-4A72-A692-BAAF15B1083B}.Release|x64.Build.0 = Release|Any CPU
		{06E658FB-EA34-4A72-A692-BAAF15B1083B}.Release|x86.ActiveCfg = Release|Any CPU
		{06E658FB-EA34-4A72-A692-BAAF15B1083B}.Release|x86.Build.0 = Release|Any CPU
		{88DA3A43-3E8F-4A3F-BBBC-ED4A535810B7}.Debug|Any CPU.ActiveCfg = Debug|Any CPU
		{88DA3A43-3E8F-4A3F-BBBC-ED4A535810B7}.Debug|Any CPU.Build.0 = Debug|Any CPU
		{88DA3A43-3E8F-4A3F-BBBC-ED4A535810B7}.Debug|x64.ActiveCfg = Debug|Any CPU
		{88DA3A43-3E8F-4A3F-BBBC-ED4A535810B7}.Debug|x64.Build.0 = Debug|Any CPU
		{88DA3A43-3E8F-4A3F-BBBC-ED4A535810B7}.Debug|x86.ActiveCfg = Debug|Any CPU
		{88DA3A43-3E8F-4A3F-BBBC-ED4A535810B7}.Debug|x86.Build.0 = Debug|Any CPU
		{88DA3A43-3E8F-4A3F-BBBC-ED4A535810B7}.Release|Any CPU.ActiveCfg = Release|Any CPU
		{88DA3A43-3E8F-4A3F-BBBC-ED4A535810B7}.Release|Any CPU.Build.0 = Release|Any CPU
		{88DA3A43-3E8F-4A3F-BBBC-ED4A535810B7}.Release|x64.ActiveCfg = Release|Any CPU
		{88DA3A43-3E8F-4A3F-BBBC-ED4A535810B7}.Release|x64.Build.0 = Release|Any CPU
		{88DA3A43-3E8F-4A3F-BBBC-ED4A535810B7}.Release|x86.ActiveCfg = Release|Any CPU
		{88DA3A43-3E8F-4A3F-BBBC-ED4A535810B7}.Release|x86.Build.0 = Release|Any CPU
		{9C69044B-6C2F-4E25-BA07-E80F86942A3A}.Debug|Any CPU.ActiveCfg = Debug|Any CPU
		{9C69044B-6C2F-4E25-BA07-E80F86942A3A}.Debug|Any CPU.Build.0 = Debug|Any CPU
		{9C69044B-6C2F-4E25-BA07-E80F86942A3A}.Debug|x64.ActiveCfg = Debug|Any CPU
		{9C69044B-6C2F-4E25-BA07-E80F86942A3A}.Debug|x64.Build.0 = Debug|Any CPU
		{9C69044B-6C2F-4E25-BA07-E80F86942A3A}.Debug|x86.ActiveCfg = Debug|Any CPU
		{9C69044B-6C2F-4E25-BA07-E80F86942A3A}.Debug|x86.Build.0 = Debug|Any CPU
		{9C69044B-6C2F-4E25-BA07-E80F86942A3A}.Release|Any CPU.ActiveCfg = Release|Any CPU
		{9C69044B-6C2F-4E25-BA07-E80F86942A3A}.Release|Any CPU.Build.0 = Release|Any CPU
		{9C69044B-6C2F-4E25-BA07-E80F86942A3A}.Release|x64.ActiveCfg = Release|Any CPU
		{9C69044B-6C2F-4E25-BA07-E80F86942A3A}.Release|x64.Build.0 = Release|Any CPU
		{9C69044B-6C2F-4E25-BA07-E80F86942A3A}.Release|x86.ActiveCfg = Release|Any CPU
		{9C69044B-6C2F-4E25-BA07-E80F86942A3A}.Release|x86.Build.0 = Release|Any CPU
		{43AB30FC-07B9-4FF4-A2A5-EFE71AA6E8DC}.Debug|Any CPU.ActiveCfg = Debug|Any CPU
		{43AB30FC-07B9-4FF4-A2A5-EFE71AA6E8DC}.Debug|Any CPU.Build.0 = Debug|Any CPU
		{43AB30FC-07B9-4FF4-A2A5-EFE71AA6E8DC}.Debug|x64.ActiveCfg = Debug|Any CPU
		{43AB30FC-07B9-4FF4-A2A5-EFE71AA6E8DC}.Debug|x64.Build.0 = Debug|Any CPU
		{43AB30FC-07B9-4FF4-A2A5-EFE71AA6E8DC}.Debug|x86.ActiveCfg = Debug|Any CPU
		{43AB30FC-07B9-4FF4-A2A5-EFE71AA6E8DC}.Debug|x86.Build.0 = Debug|Any CPU
		{43AB30FC-07B9-4FF4-A2A5-EFE71AA6E8DC}.Release|Any CPU.ActiveCfg = Release|Any CPU
		{43AB30FC-07B9-4FF4-A2A5-EFE71AA6E8DC}.Release|Any CPU.Build.0 = Release|Any CPU
		{43AB30FC-07B9-4FF4-A2A5-EFE71AA6E8DC}.Release|x64.ActiveCfg = Release|Any CPU
		{43AB30FC-07B9-4FF4-A2A5-EFE71AA6E8DC}.Release|x64.Build.0 = Release|Any CPU
		{43AB30FC-07B9-4FF4-A2A5-EFE71AA6E8DC}.Release|x86.ActiveCfg = Release|Any CPU
		{43AB30FC-07B9-4FF4-A2A5-EFE71AA6E8DC}.Release|x86.Build.0 = Release|Any CPU
		{D6E69A1D-8762-4D8C-905A-CA6F5E2C9D84}.Debug|Any CPU.ActiveCfg = Debug|Any CPU
		{D6E69A1D-8762-4D8C-905A-CA6F5E2C9D84}.Debug|Any CPU.Build.0 = Debug|Any CPU
		{D6E69A1D-8762-4D8C-905A-CA6F5E2C9D84}.Debug|x64.ActiveCfg = Debug|Any CPU
		{D6E69A1D-8762-4D8C-905A-CA6F5E2C9D84}.Debug|x64.Build.0 = Debug|Any CPU
		{D6E69A1D-8762-4D8C-905A-CA6F5E2C9D84}.Debug|x86.ActiveCfg = Debug|Any CPU
		{D6E69A1D-8762-4D8C-905A-CA6F5E2C9D84}.Debug|x86.Build.0 = Debug|Any CPU
		{D6E69A1D-8762-4D8C-905A-CA6F5E2C9D84}.Release|Any CPU.ActiveCfg = Release|Any CPU
		{D6E69A1D-8762-4D8C-905A-CA6F5E2C9D84}.Release|Any CPU.Build.0 = Release|Any CPU
		{D6E69A1D-8762-4D8C-905A-CA6F5E2C9D84}.Release|x64.ActiveCfg = Release|Any CPU
		{D6E69A1D-8762-4D8C-905A-CA6F5E2C9D84}.Release|x64.Build.0 = Release|Any CPU
		{D6E69A1D-8762-4D8C-905A-CA6F5E2C9D84}.Release|x86.ActiveCfg = Release|Any CPU
		{D6E69A1D-8762-4D8C-905A-CA6F5E2C9D84}.Release|x86.Build.0 = Release|Any CPU
		{F253975E-5EF3-4B6B-8743-9A0D8D4D48B2}.Debug|Any CPU.ActiveCfg = Debug|Any CPU
		{F253975E-5EF3-4B6B-8743-9A0D8D4D48B2}.Debug|Any CPU.Build.0 = Debug|Any CPU
		{F253975E-5EF3-4B6B-8743-9A0D8D4D48B2}.Debug|x64.ActiveCfg = Debug|Any CPU
		{F253975E-5EF3-4B6B-8743-9A0D8D4D48B2}.Debug|x64.Build.0 = Debug|Any CPU
		{F253975E-5EF3-4B6B-8743-9A0D8D4D48B2}.Debug|x86.ActiveCfg = Debug|Any CPU
		{F253975E-5EF3-4B6B-8743-9A0D8D4D48B2}.Debug|x86.Build.0 = Debug|Any CPU
		{F253975E-5EF3-4B6B-8743-9A0D8D4D48B2}.Release|Any CPU.ActiveCfg = Release|Any CPU
		{F253975E-5EF3-4B6B-8743-9A0D8D4D48B2}.Release|Any CPU.Build.0 = Release|Any CPU
		{F253975E-5EF3-4B6B-8743-9A0D8D4D48B2}.Release|x64.ActiveCfg = Release|Any CPU
		{F253975E-5EF3-4B6B-8743-9A0D8D4D48B2}.Release|x64.Build.0 = Release|Any CPU
		{F253975E-5EF3-4B6B-8743-9A0D8D4D48B2}.Release|x86.ActiveCfg = Release|Any CPU
		{F253975E-5EF3-4B6B-8743-9A0D8D4D48B2}.Release|x86.Build.0 = Release|Any CPU
		{F10C4921-1364-47A9-9A4E-8038141F9CEA}.Debug|Any CPU.ActiveCfg = Debug|Any CPU
		{F10C4921-1364-47A9-9A4E-8038141F9CEA}.Debug|Any CPU.Build.0 = Debug|Any CPU
		{F10C4921-1364-47A9-9A4E-8038141F9CEA}.Debug|x64.ActiveCfg = Debug|Any CPU
		{F10C4921-1364-47A9-9A4E-8038141F9CEA}.Debug|x64.Build.0 = Debug|Any CPU
		{F10C4921-1364-47A9-9A4E-8038141F9CEA}.Debug|x86.ActiveCfg = Debug|Any CPU
		{F10C4921-1364-47A9-9A4E-8038141F9CEA}.Debug|x86.Build.0 = Debug|Any CPU
		{F10C4921-1364-47A9-9A4E-8038141F9CEA}.Release|Any CPU.ActiveCfg = Release|Any CPU
		{F10C4921-1364-47A9-9A4E-8038141F9CEA}.Release|Any CPU.Build.0 = Release|Any CPU
		{F10C4921-1364-47A9-9A4E-8038141F9CEA}.Release|x64.ActiveCfg = Release|Any CPU
		{F10C4921-1364-47A9-9A4E-8038141F9CEA}.Release|x64.Build.0 = Release|Any CPU
		{F10C4921-1364-47A9-9A4E-8038141F9CEA}.Release|x86.ActiveCfg = Release|Any CPU
		{F10C4921-1364-47A9-9A4E-8038141F9CEA}.Release|x86.Build.0 = Release|Any CPU
		{82C40605-A1EE-4492-8A69-169C128E307A}.Debug|Any CPU.ActiveCfg = Debug|Any CPU
		{82C40605-A1EE-4492-8A69-169C128E307A}.Debug|Any CPU.Build.0 = Debug|Any CPU
		{82C40605-A1EE-4492-8A69-169C128E307A}.Debug|x64.ActiveCfg = Debug|Any CPU
		{82C40605-A1EE-4492-8A69-169C128E307A}.Debug|x64.Build.0 = Debug|Any CPU
		{82C40605-A1EE-4492-8A69-169C128E307A}.Debug|x86.ActiveCfg = Debug|Any CPU
		{82C40605-A1EE-4492-8A69-169C128E307A}.Debug|x86.Build.0 = Debug|Any CPU
		{82C40605-A1EE-4492-8A69-169C128E307A}.Release|Any CPU.ActiveCfg = Release|Any CPU
		{82C40605-A1EE-4492-8A69-169C128E307A}.Release|Any CPU.Build.0 = Release|Any CPU
		{82C40605-A1EE-4492-8A69-169C128E307A}.Release|x64.ActiveCfg = Release|Any CPU
		{82C40605-A1EE-4492-8A69-169C128E307A}.Release|x64.Build.0 = Release|Any CPU
		{82C40605-A1EE-4492-8A69-169C128E307A}.Release|x86.ActiveCfg = Release|Any CPU
		{82C40605-A1EE-4492-8A69-169C128E307A}.Release|x86.Build.0 = Release|Any CPU
		{59C033CB-D44D-4AAF-B068-3AD0BDEBDC83}.Debug|Any CPU.ActiveCfg = Debug|Any CPU
		{59C033CB-D44D-4AAF-B068-3AD0BDEBDC83}.Debug|Any CPU.Build.0 = Debug|Any CPU
		{59C033CB-D44D-4AAF-B068-3AD0BDEBDC83}.Debug|x64.ActiveCfg = Debug|Any CPU
		{59C033CB-D44D-4AAF-B068-3AD0BDEBDC83}.Debug|x64.Build.0 = Debug|Any CPU
		{59C033CB-D44D-4AAF-B068-3AD0BDEBDC83}.Debug|x86.ActiveCfg = Debug|Any CPU
		{59C033CB-D44D-4AAF-B068-3AD0BDEBDC83}.Debug|x86.Build.0 = Debug|Any CPU
		{59C033CB-D44D-4AAF-B068-3AD0BDEBDC83}.Release|Any CPU.ActiveCfg = Release|Any CPU
		{59C033CB-D44D-4AAF-B068-3AD0BDEBDC83}.Release|Any CPU.Build.0 = Release|Any CPU
		{59C033CB-D44D-4AAF-B068-3AD0BDEBDC83}.Release|x64.ActiveCfg = Release|Any CPU
		{59C033CB-D44D-4AAF-B068-3AD0BDEBDC83}.Release|x64.Build.0 = Release|Any CPU
		{59C033CB-D44D-4AAF-B068-3AD0BDEBDC83}.Release|x86.ActiveCfg = Release|Any CPU
		{59C033CB-D44D-4AAF-B068-3AD0BDEBDC83}.Release|x86.Build.0 = Release|Any CPU
	EndGlobalSection
EndGlobal
